
Microsoft Visual Studio Solution File, Format Version 12.00
# Visual Studio 15
VisualStudioVersion = 15.0.28307.1082
MinimumVisualStudioVersion = 10.0.40219.1
Project("{159641D6-6404-4A2A-AE62-294DE0FE8301}") = "TC2", "TC2\TC2.dtproj", "{7F269C5B-5B89-4DFD-9690-A77FD7B3B621}"
EndProject
Global
	GlobalSection(SolutionConfigurationPlatforms) = preSolution
		Development|Default = Development|Default
	EndGlobalSection
	GlobalSection(ProjectConfigurationPlatforms) = postSolution
		{7F269C5B-5B89-4DFD-9690-A77FD7B3B621}.Development|Default.ActiveCfg = Development
		{7F269C5B-5B89-4DFD-9690-A77FD7B3B621}.Development|Default.Build.0 = Development
	EndGlobalSection
	GlobalSection(SolutionProperties) = preSolution
		HideSolutionNode = FALSE
	EndGlobalSection
	GlobalSection(ExtensibilityGlobals) = postSolution
		SolutionGuid = {82AB9107-E6BF-46E0-A45C-2A075DBD95A1}
	EndGlobalSection
EndGlobal
